
Microsoft Visual Studio Solution File, Format Version 11.00
# Visual Studio 2010
Project("{8BC9CEB8-8B4A-11D0-8D11-00A0C91BC942}") = "Assignment_No_25.3", "Assignment_No_25.3\Assignment_No_25.3.vcxproj", "{ADEBE1C6-FC64-4C99-96ED-5BCBAE0622C8}"
EndProject
Global
	GlobalSection(SolutionConfigurationPlatforms) = preSolution
		Debug|Win32 = Debug|Win32
		Release|Win32 = Release|Win32
	EndGlobalSection
	GlobalSection(ProjectConfigurationPlatforms) = postSolution
		{ADEBE1C6-FC64-4C99-96ED-5BCBAE0622C8}.Debug|Win32.ActiveCfg = Debug|Win32
		{ADEBE1C6-FC64-4C99-96ED-5BCBAE0622C8}.Debug|Win32.Build.0 = Debug|Win32
		{ADEBE1C6-FC64-4C99-96ED-5BCBAE0622C8}.Release|Win32.ActiveCfg = Release|Win32
		{ADEBE1C6-FC64-4C99-96ED-5BCBAE0622C8}.Release|Win32.Build.0 = Release|Win32
	EndGlobalSection
	GlobalSection(SolutionProperties) = preSolution
		HideSolutionNode = FALSE
	EndGlobalSection
EndGlobal
